
Microsoft Visual Studio Solution File, Format Version 12.00
# Visual Studio Version 17
VisualStudioVersion = 17.5.33516.290
MinimumVisualStudioVersion = 10.0.40219.1
Project("{FAE04EC0-301F-11D3-BF4B-00C04F79EFBC}") = "ejemplo.23", "ejemplo.23\ejemplo.23.csproj", "{B9ED0323-C33E-470D-A37E-A773680614E9}"
EndProject
Global
	GlobalSection(SolutionConfigurationPlatforms) = preSolution
		Debug|Any CPU = Debug|Any CPU
		Release|Any CPU = Release|Any CPU
	EndGlobalSection
	GlobalSection(ProjectConfigurationPlatforms) = postSolution
		{B9ED0323-C33E-470D-A37E-A773680614E9}.Debug|Any CPU.ActiveCfg = Debug|Any CPU
		{B9ED0323-C33E-470D-A37E-A773680614E9}.Debug|Any CPU.Build.0 = Debug|Any CPU
		{B9ED0323-C33E-470D-A37E-A773680614E9}.Release|Any CPU.ActiveCfg = Release|Any CPU
		{B9ED0323-C33E-470D-A37E-A773680614E9}.Release|Any CPU.Build.0 = Release|Any CPU
	EndGlobalSection
	GlobalSection(SolutionProperties) = preSolution
		HideSolutionNode = FALSE
	EndGlobalSection
	GlobalSection(ExtensibilityGlobals) = postSolution
		SolutionGuid = {C760A514-A5E2-493F-B43E-D68475670786}
	EndGlobalSection
EndGlobal
