
Microsoft Visual Studio Solution File, Format Version 12.00
# Visual Studio Version 17
VisualStudioVersion = 17.5.33516.290
MinimumVisualStudioVersion = 10.0.40219.1
Project("{FAE04EC0-301F-11D3-BF4B-00C04F79EFBC}") = "programa10.07", "programa10.07\programa10.07.csproj", "{3D0F32D6-ADD0-4628-B977-FF8C2A5CC764}"
EndProject
Global
	GlobalSection(SolutionConfigurationPlatforms) = preSolution
		Debug|Any CPU = Debug|Any CPU
		Release|Any CPU = Release|Any CPU
	EndGlobalSection
	GlobalSection(ProjectConfigurationPlatforms) = postSolution
		{3D0F32D6-ADD0-4628-B977-FF8C2A5CC764}.Debug|Any CPU.ActiveCfg = Debug|Any CPU
		{3D0F32D6-ADD0-4628-B977-FF8C2A5CC764}.Debug|Any CPU.Build.0 = Debug|Any CPU
		{3D0F32D6-ADD0-4628-B977-FF8C2A5CC764}.Release|Any CPU.ActiveCfg = Release|Any CPU
		{3D0F32D6-ADD0-4628-B977-FF8C2A5CC764}.Release|Any CPU.Build.0 = Release|Any CPU
	EndGlobalSection
	GlobalSection(SolutionProperties) = preSolution
		HideSolutionNode = FALSE
	EndGlobalSection
	GlobalSection(ExtensibilityGlobals) = postSolution
		SolutionGuid = {03E72D2A-89CF-4CDF-9036-3DA64636FEC2}
	EndGlobalSection
EndGlobal
