
Microsoft Visual Studio Solution File, Format Version 12.00
# Visual Studio Version 17
VisualStudioVersion = 17.5.33516.290
MinimumVisualStudioVersion = 10.0.40219.1
Project("{FAE04EC0-301F-11D3-BF4B-00C04F79EFBC}") = "programa0506", "programa0506\programa0506.csproj", "{F912503C-0E74-4ADC-98AD-BD64B23A7EA6}"
EndProject
Global
	GlobalSection(SolutionConfigurationPlatforms) = preSolution
		Debug|Any CPU = Debug|Any CPU
		Release|Any CPU = Release|Any CPU
	EndGlobalSection
	GlobalSection(ProjectConfigurationPlatforms) = postSolution
		{F912503C-0E74-4ADC-98AD-BD64B23A7EA6}.Debug|Any CPU.ActiveCfg = Debug|Any CPU
		{F912503C-0E74-4ADC-98AD-BD64B23A7EA6}.Debug|Any CPU.Build.0 = Debug|Any CPU
		{F912503C-0E74-4ADC-98AD-BD64B23A7EA6}.Release|Any CPU.ActiveCfg = Release|Any CPU
		{F912503C-0E74-4ADC-98AD-BD64B23A7EA6}.Release|Any CPU.Build.0 = Release|Any CPU
	EndGlobalSection
	GlobalSection(SolutionProperties) = preSolution
		HideSolutionNode = FALSE
	EndGlobalSection
	GlobalSection(ExtensibilityGlobals) = postSolution
		SolutionGuid = {A6C692DD-09FB-450A-B201-31772E0939C7}
	EndGlobalSection
EndGlobal
