
Microsoft Visual Studio Solution File, Format Version 12.00
# Visual Studio Version 17
VisualStudioVersion = 17.5.33516.290
MinimumVisualStudioVersion = 10.0.40219.1
Project("{FAE04EC0-301F-11D3-BF4B-00C04F79EFBC}") = "vd28", "vd28\vd28.csproj", "{015FB072-D7D7-4BE6-BE92-837555144973}"
EndProject
Global
	GlobalSection(SolutionConfigurationPlatforms) = preSolution
		Debug|Any CPU = Debug|Any CPU
		Release|Any CPU = Release|Any CPU
	EndGlobalSection
	GlobalSection(ProjectConfigurationPlatforms) = postSolution
		{015FB072-D7D7-4BE6-BE92-837555144973}.Debug|Any CPU.ActiveCfg = Debug|Any CPU
		{015FB072-D7D7-4BE6-BE92-837555144973}.Debug|Any CPU.Build.0 = Debug|Any CPU
		{015FB072-D7D7-4BE6-BE92-837555144973}.Release|Any CPU.ActiveCfg = Release|Any CPU
		{015FB072-D7D7-4BE6-BE92-837555144973}.Release|Any CPU.Build.0 = Release|Any CPU
	EndGlobalSection
	GlobalSection(SolutionProperties) = preSolution
		HideSolutionNode = FALSE
	EndGlobalSection
	GlobalSection(ExtensibilityGlobals) = postSolution
		SolutionGuid = {C40C65E5-9A43-491B-BC27-EE39E80FCB37}
	EndGlobalSection
EndGlobal
