
Microsoft Visual Studio Solution File, Format Version 12.00
# Visual Studio Version 17
VisualStudioVersion = 17.5.33516.290
MinimumVisualStudioVersion = 10.0.40219.1
Project("{FAE04EC0-301F-11D3-BF4B-00C04F79EFBC}") = "proyecto0708", "proyecto0708\proyecto0708.csproj", "{910882E8-EB8A-43DD-8690-7BCB9CDF5F45}"
EndProject
Global
	GlobalSection(SolutionConfigurationPlatforms) = preSolution
		Debug|Any CPU = Debug|Any CPU
		Release|Any CPU = Release|Any CPU
	EndGlobalSection
	GlobalSection(ProjectConfigurationPlatforms) = postSolution
		{910882E8-EB8A-43DD-8690-7BCB9CDF5F45}.Debug|Any CPU.ActiveCfg = Debug|Any CPU
		{910882E8-EB8A-43DD-8690-7BCB9CDF5F45}.Debug|Any CPU.Build.0 = Debug|Any CPU
		{910882E8-EB8A-43DD-8690-7BCB9CDF5F45}.Release|Any CPU.ActiveCfg = Release|Any CPU
		{910882E8-EB8A-43DD-8690-7BCB9CDF5F45}.Release|Any CPU.Build.0 = Release|Any CPU
	EndGlobalSection
	GlobalSection(SolutionProperties) = preSolution
		HideSolutionNode = FALSE
	EndGlobalSection
	GlobalSection(ExtensibilityGlobals) = postSolution
		SolutionGuid = {AB48CF32-53EC-4CC8-96F6-7CF4138EB0FC}
	EndGlobalSection
EndGlobal
