
Microsoft Visual Studio Solution File, Format Version 12.00
# Visual Studio Version 17
VisualStudioVersion = 17.5.33516.290
MinimumVisualStudioVersion = 10.0.40219.1
Project("{FAE04EC0-301F-11D3-BF4B-00C04F79EFBC}") = "programa0204", "programa0204\programa0204.csproj", "{2D8418ED-73E4-496B-89C6-16F38EA8FCDB}"
EndProject
Global
	GlobalSection(SolutionConfigurationPlatforms) = preSolution
		Debug|Any CPU = Debug|Any CPU
		Release|Any CPU = Release|Any CPU
	EndGlobalSection
	GlobalSection(ProjectConfigurationPlatforms) = postSolution
		{2D8418ED-73E4-496B-89C6-16F38EA8FCDB}.Debug|Any CPU.ActiveCfg = Debug|Any CPU
		{2D8418ED-73E4-496B-89C6-16F38EA8FCDB}.Debug|Any CPU.Build.0 = Debug|Any CPU
		{2D8418ED-73E4-496B-89C6-16F38EA8FCDB}.Release|Any CPU.ActiveCfg = Release|Any CPU
		{2D8418ED-73E4-496B-89C6-16F38EA8FCDB}.Release|Any CPU.Build.0 = Release|Any CPU
	EndGlobalSection
	GlobalSection(SolutionProperties) = preSolution
		HideSolutionNode = FALSE
	EndGlobalSection
	GlobalSection(ExtensibilityGlobals) = postSolution
		SolutionGuid = {9B4B3EED-0D47-4609-B21B-E4512F9B13AD}
	EndGlobalSection
EndGlobal
