
Microsoft Visual Studio Solution File, Format Version 12.00
# Visual Studio Version 17
VisualStudioVersion = 17.5.33516.290
MinimumVisualStudioVersion = 10.0.40219.1
Project("{FAE04EC0-301F-11D3-BF4B-00C04F79EFBC}") = "Pograma0501", "Pograma0501\Pograma0501.csproj", "{7396C022-CB49-471C-AEE4-1EA28B8C2A92}"
EndProject
Global
	GlobalSection(SolutionConfigurationPlatforms) = preSolution
		Debug|Any CPU = Debug|Any CPU
		Release|Any CPU = Release|Any CPU
	EndGlobalSection
	GlobalSection(ProjectConfigurationPlatforms) = postSolution
		{7396C022-CB49-471C-AEE4-1EA28B8C2A92}.Debug|Any CPU.ActiveCfg = Debug|Any CPU
		{7396C022-CB49-471C-AEE4-1EA28B8C2A92}.Debug|Any CPU.Build.0 = Debug|Any CPU
		{7396C022-CB49-471C-AEE4-1EA28B8C2A92}.Release|Any CPU.ActiveCfg = Release|Any CPU
		{7396C022-CB49-471C-AEE4-1EA28B8C2A92}.Release|Any CPU.Build.0 = Release|Any CPU
	EndGlobalSection
	GlobalSection(SolutionProperties) = preSolution
		HideSolutionNode = FALSE
	EndGlobalSection
	GlobalSection(ExtensibilityGlobals) = postSolution
		SolutionGuid = {1E39EA17-2004-4E9C-9D70-29F6AB903F4C}
	EndGlobalSection
EndGlobal
