
Microsoft Visual Studio Solution File, Format Version 12.00
# Visual Studio Version 17
VisualStudioVersion = 17.5.33516.290
MinimumVisualStudioVersion = 10.0.40219.1
Project("{FAE04EC0-301F-11D3-BF4B-00C04F79EFBC}") = "timer vd21", "timer vd21\timer vd21.csproj", "{EB81F7DF-1981-4BA1-883A-B70DED403F44}"
EndProject
Global
	GlobalSection(SolutionConfigurationPlatforms) = preSolution
		Debug|Any CPU = Debug|Any CPU
		Release|Any CPU = Release|Any CPU
	EndGlobalSection
	GlobalSection(ProjectConfigurationPlatforms) = postSolution
		{EB81F7DF-1981-4BA1-883A-B70DED403F44}.Debug|Any CPU.ActiveCfg = Debug|Any CPU
		{EB81F7DF-1981-4BA1-883A-B70DED403F44}.Debug|Any CPU.Build.0 = Debug|Any CPU
		{EB81F7DF-1981-4BA1-883A-B70DED403F44}.Release|Any CPU.ActiveCfg = Release|Any CPU
		{EB81F7DF-1981-4BA1-883A-B70DED403F44}.Release|Any CPU.Build.0 = Release|Any CPU
	EndGlobalSection
	GlobalSection(SolutionProperties) = preSolution
		HideSolutionNode = FALSE
	EndGlobalSection
	GlobalSection(ExtensibilityGlobals) = postSolution
		SolutionGuid = {6227963F-4CBB-4103-8A64-1D8C0BE51653}
	EndGlobalSection
EndGlobal
