
Microsoft Visual Studio Solution File, Format Version 12.00
# Visual Studio Version 17
VisualStudioVersion = 17.5.33516.290
MinimumVisualStudioVersion = 10.0.40219.1
Project("{FAE04EC0-301F-11D3-BF4B-00C04F79EFBC}") = "Programa0905", "Programa0905\Programa0905.csproj", "{01C2C206-54AF-4A7B-A6F7-2AFD36BB694C}"
EndProject
Global
	GlobalSection(SolutionConfigurationPlatforms) = preSolution
		Debug|Any CPU = Debug|Any CPU
		Release|Any CPU = Release|Any CPU
	EndGlobalSection
	GlobalSection(ProjectConfigurationPlatforms) = postSolution
		{01C2C206-54AF-4A7B-A6F7-2AFD36BB694C}.Debug|Any CPU.ActiveCfg = Debug|Any CPU
		{01C2C206-54AF-4A7B-A6F7-2AFD36BB694C}.Debug|Any CPU.Build.0 = Debug|Any CPU
		{01C2C206-54AF-4A7B-A6F7-2AFD36BB694C}.Release|Any CPU.ActiveCfg = Release|Any CPU
		{01C2C206-54AF-4A7B-A6F7-2AFD36BB694C}.Release|Any CPU.Build.0 = Release|Any CPU
	EndGlobalSection
	GlobalSection(SolutionProperties) = preSolution
		HideSolutionNode = FALSE
	EndGlobalSection
	GlobalSection(ExtensibilityGlobals) = postSolution
		SolutionGuid = {A9BBC2B1-2FD4-4585-90BF-458B2CEAECE0}
	EndGlobalSection
EndGlobal
