
Microsoft Visual Studio Solution File, Format Version 12.00
# Visual Studio Version 17
VisualStudioVersion = 17.5.33516.290
MinimumVisualStudioVersion = 10.0.40219.1
Project("{FAE04EC0-301F-11D3-BF4B-00C04F79EFBC}") = "progrma10.02", "progrma10.02\progrma10.02.csproj", "{FC2DF46B-4606-4D64-A602-6EE2A1D9C4CD}"
EndProject
Global
	GlobalSection(SolutionConfigurationPlatforms) = preSolution
		Debug|Any CPU = Debug|Any CPU
		Release|Any CPU = Release|Any CPU
	EndGlobalSection
	GlobalSection(ProjectConfigurationPlatforms) = postSolution
		{FC2DF46B-4606-4D64-A602-6EE2A1D9C4CD}.Debug|Any CPU.ActiveCfg = Debug|Any CPU
		{FC2DF46B-4606-4D64-A602-6EE2A1D9C4CD}.Debug|Any CPU.Build.0 = Debug|Any CPU
		{FC2DF46B-4606-4D64-A602-6EE2A1D9C4CD}.Release|Any CPU.ActiveCfg = Release|Any CPU
		{FC2DF46B-4606-4D64-A602-6EE2A1D9C4CD}.Release|Any CPU.Build.0 = Release|Any CPU
	EndGlobalSection
	GlobalSection(SolutionProperties) = preSolution
		HideSolutionNode = FALSE
	EndGlobalSection
	GlobalSection(ExtensibilityGlobals) = postSolution
		SolutionGuid = {8FE88292-1D2C-4FAD-9F15-CC89FBF5BB00}
	EndGlobalSection
EndGlobal
