
Microsoft Visual Studio Solution File, Format Version 12.00
# Visual Studio Version 17
VisualStudioVersion = 17.5.33516.290
MinimumVisualStudioVersion = 10.0.40219.1
Project("{FAE04EC0-301F-11D3-BF4B-00C04F79EFBC}") = "programa0508", "programa0508\programa0508.csproj", "{C03B1C61-FA4D-4E81-8F3A-C313E91A9E2C}"
EndProject
Global
	GlobalSection(SolutionConfigurationPlatforms) = preSolution
		Debug|Any CPU = Debug|Any CPU
		Release|Any CPU = Release|Any CPU
	EndGlobalSection
	GlobalSection(ProjectConfigurationPlatforms) = postSolution
		{C03B1C61-FA4D-4E81-8F3A-C313E91A9E2C}.Debug|Any CPU.ActiveCfg = Debug|Any CPU
		{C03B1C61-FA4D-4E81-8F3A-C313E91A9E2C}.Debug|Any CPU.Build.0 = Debug|Any CPU
		{C03B1C61-FA4D-4E81-8F3A-C313E91A9E2C}.Release|Any CPU.ActiveCfg = Release|Any CPU
		{C03B1C61-FA4D-4E81-8F3A-C313E91A9E2C}.Release|Any CPU.Build.0 = Release|Any CPU
	EndGlobalSection
	GlobalSection(SolutionProperties) = preSolution
		HideSolutionNode = FALSE
	EndGlobalSection
	GlobalSection(ExtensibilityGlobals) = postSolution
		SolutionGuid = {85236CC8-6A85-4AE8-980B-996A1963653D}
	EndGlobalSection
EndGlobal
