
Microsoft Visual Studio Solution File, Format Version 12.00
# Visual Studio Version 17
VisualStudioVersion = 17.5.33516.290
MinimumVisualStudioVersion = 10.0.40219.1
Project("{FAE04EC0-301F-11D3-BF4B-00C04F79EFBC}") = "programa0602", "programa0602\programa0602.csproj", "{CC40F7F3-128A-4C05-8DD5-9A9D2842479B}"
EndProject
Global
	GlobalSection(SolutionConfigurationPlatforms) = preSolution
		Debug|Any CPU = Debug|Any CPU
		Release|Any CPU = Release|Any CPU
	EndGlobalSection
	GlobalSection(ProjectConfigurationPlatforms) = postSolution
		{CC40F7F3-128A-4C05-8DD5-9A9D2842479B}.Debug|Any CPU.ActiveCfg = Debug|Any CPU
		{CC40F7F3-128A-4C05-8DD5-9A9D2842479B}.Debug|Any CPU.Build.0 = Debug|Any CPU
		{CC40F7F3-128A-4C05-8DD5-9A9D2842479B}.Release|Any CPU.ActiveCfg = Release|Any CPU
		{CC40F7F3-128A-4C05-8DD5-9A9D2842479B}.Release|Any CPU.Build.0 = Release|Any CPU
	EndGlobalSection
	GlobalSection(SolutionProperties) = preSolution
		HideSolutionNode = FALSE
	EndGlobalSection
	GlobalSection(ExtensibilityGlobals) = postSolution
		SolutionGuid = {D82F45DB-1A47-4E60-AD60-0F06597D2EE4}
	EndGlobalSection
EndGlobal
